
Microsoft Visual Studio Solution File, Format Version 12.00
# Visual Studio Version 17
VisualStudioVersion = 17.7.34003.232
MinimumVisualStudioVersion = 10.0.40219.1
Project("{FAE04EC0-301F-11D3-BF4B-00C04F79EFBC}") = "Enums_shepardson_bruce", "Enums_shepardson_bruce\Enums_shepardson_bruce.csproj", "{7C6D637D-7C93-4641-9DB5-25E34D843AB5}"
EndProject
Global
	GlobalSection(SolutionConfigurationPlatforms) = preSolution
		Debug|Any CPU = Debug|Any CPU
		Release|Any CPU = Release|Any CPU
	EndGlobalSection
	GlobalSection(ProjectConfigurationPlatforms) = postSolution
		{7C6D637D-7C93-4641-9DB5-25E34D843AB5}.Debug|Any CPU.ActiveCfg = Debug|Any CPU
		{7C6D637D-7C93-4641-9DB5-25E34D843AB5}.Debug|Any CPU.Build.0 = Debug|Any CPU
		{7C6D637D-7C93-4641-9DB5-25E34D843AB5}.Release|Any CPU.ActiveCfg = Release|Any CPU
		{7C6D637D-7C93-4641-9DB5-25E34D843AB5}.Release|Any CPU.Build.0 = Release|Any CPU
	EndGlobalSection
	GlobalSection(SolutionProperties) = preSolution
		HideSolutionNode = FALSE
	EndGlobalSection
	GlobalSection(ExtensibilityGlobals) = postSolution
		SolutionGuid = {EA4D5D4A-17E0-4AC6-B875-1F977B5FE435}
	EndGlobalSection
EndGlobal
